Microsoft Visual Studio Solution File, Format Version 12.00
# Visual Studio Version 16
VisualStudioVersion = 16.0.30413.136
MinimumVisualStudioVersion = 10.0.40219.1
Project("{8BC9CEB8-8B4A-11D0-8D11-00A0C91BC942}") = "KenoPro", "KenoPro.vcxproj", "{C768CA11-EC26-438D-A4B7-BAF752F43CAF}"
EndProject
Global
	GlobalSection(SolutionConfigurationPlatforms) = preSolution
		Debug|Win32 = Debug|Win32
		Release|Win32 = Release|Win32
	EndGlobalSection
	GlobalSection(ProjectConfigurationPlatforms) = postSolution
		{C768CA11-EC26-438D-A4B7-BAF752F43CAF}.Debug|Win32.ActiveCfg = Debug|Win32
		{C768CA11-EC26-438D-A4B7-BAF752F43CAF}.Debug|Win32.Build.0 = Debug|Win32
		{C768CA11-EC26-438D-A4B7-BAF752F43CAF}.Release|Win32.ActiveCfg = Release|Win32
		{C768CA11-EC26-438D-A4B7-BAF752F43CAF}.Release|Win32.Build.0 = Release|Win32
	EndGlobalSection
	GlobalSection(SolutionProperties) = preSolution
		HideSolutionNode = FALSE
	EndGlobalSection
	GlobalSection(ExtensibilityGlobals) = postSolution
		SolutionGuid = {DB01D247-BCEA-4543-80A2-5AFC0740BCD3}
	EndGlobalSection
EndGlobal
